
Microsoft Visual Studio Solution File, Format Version 12.00
# Visual Studio Version 17
VisualStudioVersion = 17.5.002.0
MinimumVisualStudioVersion = 10.0.40219.1
Project("{9A19103F-16F7-4668-BE54-9A1E7A4F7556}") = "first_program", "first_program\first_program.csproj", "{5E4FB5D0-DF15-42F4-8F2C-97FA7CC0C3EA}"
EndProject
Project("{FAE04EC0-301F-11D3-BF4B-00C04F79EFBC}") = "variable_tutorial", "variable_tutorial\variable_tutorial.csproj", "{D361E02D-22BA-40F0-A3A4-0968040F8694}"
EndProject
Global
	GlobalSection(SolutionConfigurationPlatforms) = preSolution
		Debug|Any CPU = Debug|Any CPU
		Release|Any CPU = Release|Any CPU
	EndGlobalSection
	GlobalSection(ProjectConfigurationPlatforms) = postSolution
		{5E4FB5D0-DF15-42F4-8F2C-97FA7CC0C3EA}.Debug|Any CPU.ActiveCfg = Debug|Any CPU
		{5E4FB5D0-DF15-42F4-8F2C-97FA7CC0C3EA}.Debug|Any CPU.Build.0 = Debug|Any CPU
		{5E4FB5D0-DF15-42F4-8F2C-97FA7CC0C3EA}.Release|Any CPU.ActiveCfg = Release|Any CPU
		{5E4FB5D0-DF15-42F4-8F2C-97FA7CC0C3EA}.Release|Any CPU.Build.0 = Release|Any CPU
		{D361E02D-22BA-40F0-A3A4-0968040F8694}.Debug|Any CPU.ActiveCfg = Debug|Any CPU
		{D361E02D-22BA-40F0-A3A4-0968040F8694}.Debug|Any CPU.Build.0 = Debug|Any CPU
		{D361E02D-22BA-40F0-A3A4-0968040F8694}.Release|Any CPU.ActiveCfg = Release|Any CPU
		{D361E02D-22BA-40F0-A3A4-0968040F8694}.Release|Any CPU.Build.0 = Release|Any CPU
	EndGlobalSection
	GlobalSection(SolutionProperties) = preSolution
		HideSolutionNode = FALSE
	EndGlobalSection
	GlobalSection(ExtensibilityGlobals) = postSolution
		SolutionGuid = {77DBD698-2390-4419-B730-DDE5A7A3E633}
	EndGlobalSection
EndGlobal
